---
alb:
  source: https://github.com/terraform-aws-modules/terraform-aws-alb
  version: master
  type: git
  url: https://github.com/terraform-aws-modules/terraform-aws-alb
  sha: 99b5d9cf1d84482c4c3a21a809ceb74d364109bc
asg:
  source: https://github.com/terraform-aws-modules/terraform-aws-autoscaling
  version: master
  type: git
  url: https://github.com/terraform-aws-modules/terraform-aws-autoscaling
  sha: c9510239bf35fe6acb87b25fa8a56b4ba31554d7
cw:
  source: https://github.com/terraform-aws-modules/terraform-aws-cloudwatch
  version: master
  type: git
  url: https://github.com/terraform-aws-modules/terraform-aws-cloudwatch
  sha: 77f54d8f19dd3144dc1c27c8f552bc7f24ae3fe1
ec2:
  source: https://github.com/terraform-aws-modules/terraform-aws-ec2-instance
  version: master
  type: git
  url: https://github.com/terraform-aws-modules/terraform-aws-ec2-instance
  sha: c05edc9b2af712433c665fef4d945336da986c40
eks:
  source: https://github.com/terraform-aws-modules/terraform-aws-eks
  version: master
  type: git
  url: https://github.com/terraform-aws-modules/terraform-aws-eks
  sha: a26c9fd0c9c880d5b99c438ad620e91dda957e10
iam:
  source: https://github.com/terraform-aws-modules/terraform-aws-iam
  version: master
  type: git
  url: https://github.com/terraform-aws-modules/terraform-aws-iam
  sha: 50e46b39ceb6f5a7d61754f5c9ea7ac93c63bb43
keypair:
  source: https://github.com/terraform-aws-modules/terraform-aws-key-pair
  version: master
  type: git
  url: https://github.com/terraform-aws-modules/terraform-aws-key-pair
  sha: a2ae1496cc4559009ac742c344467ddce9a5d016
sg:
  source: https://github.com/terraform-aws-modules/terraform-aws-security-group
  version: master
  type: git
  url: https://github.com/terraform-aws-modules/terraform-aws-security-group
  sha: 9c17bd7014320d13b749ee9794d7179f80030ddd
vpc:
  source: https://github.com/terraform-aws-modules/terraform-aws-vpc
  version: master
  type: git
  url: https://github.com/terraform-aws-modules/terraform-aws-vpc
  sha: 43edd4400e5e596515f8d787603c37e08b99abd5
